{
  "name": "beams-auth-service",
  "version": "1.0.0",
  "lockfileVersion": 3,
  "requires": true,
  "packages": {
    "": {
      "name": "beams-auth-service",
      "version": "1.0.0",
      "dependencies": {
        "@pusher/push-notifications-server": "^1.2.6",
        "express": "^4.19.2"
      }
    }
  }
}
